
Microsoft Visual Studio Solution File, Format Version 12.00
# Visual Studio Version 17
VisualStudioVersion = 17.4.33205.214
MinimumVisualStudioVersion = 10.0.40219.1
Project("{9A19103F-16F7-4668-BE54-9A1E7A4F7556}") = "AuthenticationManagerApi", "AuthenticationManagerApi\AuthenticationManagerApi.csproj", "{1348F98A-D14C-4965-B280-D5B94D6E28B8}"
EndProject
Project("{9A19103F-16F7-4668-BE54-9A1E7A4F7556}") = "AuthenticationManagerApi.Data", "AuthenticationManagerApi.Data\AuthenticationManagerApi.Data.csproj", "{146CEE67-3007-4BA8-A60E-F520CBAC0FB1}"
EndProject
Project("{9A19103F-16F7-4668-BE54-9A1E7A4F7556}") = "AuthenticationManagerApi.Business.Core", "AuthenticationManagerApi.Business.Core\AuthenticationManagerApi.Business.Core.csproj", "{62319C1F-B364-4BE3-814C-8CE0DA5D99CB}"
EndProject
Global
	GlobalSection(SolutionConfigurationPlatforms) = preSolution
		Debug|Any CPU = Debug|Any CPU
		Release|Any CPU = Release|Any CPU
	EndGlobalSection
	GlobalSection(ProjectConfigurationPlatforms) = postSolution
		{1348F98A-D14C-4965-B280-D5B94D6E28B8}.Debug|Any CPU.ActiveCfg = Debug|Any CPU
		{1348F98A-D14C-4965-B280-D5B94D6E28B8}.Debug|Any CPU.Build.0 = Debug|Any CPU
		{1348F98A-D14C-4965-B280-D5B94D6E28B8}.Release|Any CPU.ActiveCfg = Release|Any CPU
		{1348F98A-D14C-4965-B280-D5B94D6E28B8}.Release|Any CPU.Build.0 = Release|Any CPU
		{146CEE67-3007-4BA8-A60E-F520CBAC0FB1}.Debug|Any CPU.ActiveCfg = Debug|Any CPU
		{146CEE67-3007-4BA8-A60E-F520CBAC0FB1}.Debug|Any CPU.Build.0 = Debug|Any CPU
		{146CEE67-3007-4BA8-A60E-F520CBAC0FB1}.Release|Any CPU.ActiveCfg = Release|Any CPU
		{146CEE67-3007-4BA8-A60E-F520CBAC0FB1}.Release|Any CPU.Build.0 = Release|Any CPU
		{62319C1F-B364-4BE3-814C-8CE0DA5D99CB}.Debug|Any CPU.ActiveCfg = Debug|Any CPU
		{62319C1F-B364-4BE3-814C-8CE0DA5D99CB}.Debug|Any CPU.Build.0 = Debug|Any CPU
		{62319C1F-B364-4BE3-814C-8CE0DA5D99CB}.Release|Any CPU.ActiveCfg = Release|Any CPU
		{62319C1F-B364-4BE3-814C-8CE0DA5D99CB}.Release|Any CPU.Build.0 = Release|Any CPU
	EndGlobalSection
	GlobalSection(SolutionProperties) = preSolution
		HideSolutionNode = FALSE
	EndGlobalSection
	GlobalSection(ExtensibilityGlobals) = postSolution
		SolutionGuid = {A935ADAF-355B-44CB-8B04-E0FF75C5C228}
	EndGlobalSection
EndGlobal
